
Microsoft Visual Studio Solution File, Format Version 12.00
Project("{FAE04EC0-301F-11D3-BF4B-00C04F79EFBC}") = "Baroderus", "Baroderus\Baroderus.csproj", "{CDD9661A-CACF-4D31-A614-8DFE9ED12328}"
EndProject
Global
	GlobalSection(SolutionConfigurationPlatforms) = preSolution
		Debug|Any CPU = Debug|Any CPU
		Release|Any CPU = Release|Any CPU
	EndGlobalSection
	GlobalSection(ProjectConfigurationPlatforms) = postSolution
		{CDD9661A-CACF-4D31-A614-8DFE9ED12328}.Debug|Any CPU.ActiveCfg = Debug|Any CPU
		{CDD9661A-CACF-4D31-A614-8DFE9ED12328}.Debug|Any CPU.Build.0 = Debug|Any CPU
		{CDD9661A-CACF-4D31-A614-8DFE9ED12328}.Release|Any CPU.ActiveCfg = Release|Any CPU
		{CDD9661A-CACF-4D31-A614-8DFE9ED12328}.Release|Any CPU.Build.0 = Release|Any CPU
	EndGlobalSection
EndGlobal
